// !$*UTF8*$!
{
	archiveVersion = 1;
	classes = {
	};
	objectVersion = 56;
	objects = {

/* Begin PBXBuildFile section */
		989A91452BF32C0B007D4288 /* main.cpp in Sources */ = {isa = PBXBuildFile; fileRef = 989A91442BF32C0B007D4288 /* main.cpp */; };
		989A91512BF331D2007D4288 /* libcurl.tbd in Frameworks */ = {isa = PBXBuildFile; fileRef = 989A91502BF331D2007D4288 /* libcurl.tbd */; };
		989A91542BF3320F007D4288 /* HttpClient.cpp in Sources */ = {isa = PBXBuildFile; fileRef = 989A91522BF3320F007D4288 /* HttpClient.cpp */; };
		989A91572BF332C7007D4288 /* Response.cpp in Sources */ = {isa = PBXBuildFile; fileRef = 989A91552BF332C7007D4288 /* Response.cpp */; };
/* End PBXBuildFile section */

/* Begin PBXCopyFilesBuildPhase section */
		989A913F2BF32C0B007D4288 /* CopyFiles */ = {
			isa = PBXCopyFilesBuildPhase;
			buildActionMask = 2147483647;
			dstPath = /usr/share/man/man1/;
			dstSubfolderSpec = 0;
			files = (
			);
			runOnlyForDeploymentPostprocessing = 1;
		};
/* End PBXCopyFilesBuildPhase section */

/* Begin PBXFileReference section */
		989A91412BF32C0B007D4288 /* HttpClient */ = {isa = PBXFileReference; explicitFileType = "compiled.mach-o.executable"; includeInIndex = 0; path = HttpClient; sourceTree = BUILT_PRODUCTS_DIR; };
		989A91442BF32C0B007D4288 /* main.cpp */ = {isa = PBXFileReference; lastKnownFileType = sourcecode.cpp.cpp; path = main.cpp; sourceTree = "<group>"; };
		989A91502BF331D2007D4288 /* libcurl.tbd */ = {isa = PBXFileReference; lastKnownFileType = "sourcecode.text-based-dylib-definition"; name = libcurl.tbd; path = usr/lib/libcurl.tbd; sourceTree = SDKROOT; };
		989A91522BF3320F007D4288 /* HttpClient.cpp */ = {isa = PBXFileReference; lastKnownFileType = sourcecode.cpp.cpp; path = HttpClient.cpp; sourceTree = "<group>"; };
		989A91532BF3320F007D4288 /* HttpClient.hpp */ = {isa = PBXFileReference; lastKnownFileType = sourcecode.cpp.h; path = HttpClient.hpp; sourceTree = "<group>"; };
		989A91552BF332C7007D4288 /* Response.cpp */ = {isa = PBXFileReference; lastKnownFileType = sourcecode.cpp.cpp; path = Response.cpp; sourceTree = "<group>"; };
		989A91562BF332C7007D4288 /* Response.hpp */ = {isa = PBXFileReference; lastKnownFileType = sourcecode.cpp.h; path = Response.hpp; sourceTree = "<group>"; };
		989A91A42BF35C4F007D4288 /* reader.h */ = {isa = PBXFileReference; lastKnownFileType = sourcecode.c.h; path = reader.h; sourceTree = "<group>"; };
		989A91A52BF35C4F007D4288 /* version.h */ = {isa = PBXFileReference; lastKnownFileType = sourcecode.c.h; path = version.h; sourceTree = "<group>"; };
		989A91A62BF35C4F007D4288 /* assertions.h */ = {isa = PBXFileReference; lastKnownFileType = sourcecode.c.h; path = assertions.h; sourceTree = "<group>"; };
		989A91A72BF35C4F007D4288 /* config.h */ = {isa = PBXFileReference; lastKnownFileType = sourcecode.c.h; path = config.h; sourceTree = "<group>"; };
		989A91A82BF35C4F007D4288 /* value.h */ = {isa = PBXFileReference; lastKnownFileType = sourcecode.c.h; path = value.h; sourceTree = "<group>"; };
		989A91A92BF35C4F007D4288 /* allocator.h */ = {isa = PBXFileReference; lastKnownFileType = sourcecode.c.h; path = allocator.h; sourceTree = "<group>"; };
		989A91AA2BF35C4F007D4288 /* json.h */ = {isa = PBXFileReference; lastKnownFileType = sourcecode.c.h; path = json.h; sourceTree = "<group>"; };
		989A91AB2BF35C4F007D4288 /* writer.h */ = {isa = PBXFileReference; lastKnownFileType = sourcecode.c.h; path = writer.h; sourceTree = "<group>"; };
		989A91AC2BF35C4F007D4288 /* json_features.h */ = {isa = PBXFileReference; lastKnownFileType = sourcecode.c.h; path = json_features.h; sourceTree = "<group>"; };
		989A91AD2BF35C4F007D4288 /* forwards.h */ = {isa = PBXFileReference; lastKnownFileType = sourcecode.c.h; path = forwards.h; sourceTree = "<group>"; };
		989A91AF2BF35C57007D4288 /* json_writer.cpp */ = {isa = PBXFileReference; lastKnownFileType = sourcecode.cpp.cpp; path = json_writer.cpp; sourceTree = "<group>"; };
		989A91B02BF35C57007D4288 /* CMakeLists.txt */ = {isa = PBXFileReference; lastKnownFileType = text; path = CMakeLists.txt; sourceTree = "<group>"; };
		989A91B12BF35C57007D4288 /* json_reader.cpp */ = {isa = PBXFileReference; lastKnownFileType = sourcecode.cpp.cpp; path = json_reader.cpp; sourceTree = "<group>"; };
		989A91B22BF35C57007D4288 /* json_tool.h */ = {isa = PBXFileReference; lastKnownFileType = sourcecode.c.h; path = json_tool.h; sourceTree = "<group>"; };
		989A91B32BF35C57007D4288 /* json_value.cpp */ = {isa = PBXFileReference; lastKnownFileType = sourcecode.cpp.cpp; path = json_value.cpp; sourceTree = "<group>"; };
		989A91B42BF35C57007D4288 /* json_valueiterator.inl */ = {isa = PBXFileReference; lastKnownFileType = text; path = json_valueiterator.inl; sourceTree = "<group>"; };
/* End PBXFileReference section */

/* Begin PBXFrameworksBuildPhase section */
		989A913E2BF32C0B007D4288 /* Frameworks */ = {
			isa = PBXFrameworksBuildPhase;
			buildActionMask = 2147483647;
			files = (
				989A91512BF331D2007D4288 /* libcurl.tbd in Frameworks */,
			);
			runOnlyForDeploymentPostprocessing = 0;
		};
/* End PBXFrameworksBuildPhase section */

/* Begin PBXGroup section */
		989A91382BF32C0B007D4288 = {
			isa = PBXGroup;
			children = (
				989A91432BF32C0B007D4288 /* HttpClient */,
				989A91422BF32C0B007D4288 /* Products */,
				989A914F2BF331D2007D4288 /* Frameworks */,
			);
			sourceTree = "<group>";
		};
		989A91422BF32C0B007D4288 /* Products */ = {
			isa = PBXGroup;
			children = (
				989A91412BF32C0B007D4288 /* HttpClient */,
			);
			name = Products;
			sourceTree = "<group>";
		};
		989A91432BF32C0B007D4288 /* HttpClient */ = {
			isa = PBXGroup;
			children = (
				989A91582BF358B6007D4288 /* jsoncpp */,
				989A91442BF32C0B007D4288 /* main.cpp */,
				989A914E2BF3307F007D4288 /* HttpClient */,
			);
			path = HttpClient;
			sourceTree = "<group>";
		};
		989A914E2BF3307F007D4288 /* HttpClient */ = {
			isa = PBXGroup;
			children = (
				989A91522BF3320F007D4288 /* HttpClient.cpp */,
				989A91532BF3320F007D4288 /* HttpClient.hpp */,
				989A91552BF332C7007D4288 /* Response.cpp */,
				989A91562BF332C7007D4288 /* Response.hpp */,
			);
			path = HttpClient;
			sourceTree = "<group>";
		};
		989A914F2BF331D2007D4288 /* Frameworks */ = {
			isa = PBXGroup;
			children = (
				989A91502BF331D2007D4288 /* libcurl.tbd */,
			);
			name = Frameworks;
			sourceTree = "<group>";
		};
		989A91582BF358B6007D4288 /* jsoncpp */ = {
			isa = PBXGroup;
			children = (
				989A91AE2BF35C57007D4288 /* lib_json */,
				989A91A32BF35C4F007D4288 /* json */,
			);
			name = jsoncpp;
			sourceTree = "<group>";
		};
		989A91A32BF35C4F007D4288 /* json */ = {
			isa = PBXGroup;
			children = (
				989A91A42BF35C4F007D4288 /* reader.h */,
				989A91A52BF35C4F007D4288 /* version.h */,
				989A91A62BF35C4F007D4288 /* assertions.h */,
				989A91A72BF35C4F007D4288 /* config.h */,
				989A91A82BF35C4F007D4288 /* value.h */,
				989A91A92BF35C4F007D4288 /* allocator.h */,
				989A91AA2BF35C4F007D4288 /* json.h */,
				989A91AB2BF35C4F007D4288 /* writer.h */,
				989A91AC2BF35C4F007D4288 /* json_features.h */,
				989A91AD2BF35C4F007D4288 /* forwards.h */,
			);
			name = json;
			path = ../../jsoncpp/include/json;
			sourceTree = "<group>";
		};
		989A91AE2BF35C57007D4288 /* lib_json */ = {
			isa = PBXGroup;
			children = (
				989A91AF2BF35C57007D4288 /* json_writer.cpp */,
				989A91B02BF35C57007D4288 /* CMakeLists.txt */,
				989A91B12BF35C57007D4288 /* json_reader.cpp */,
				989A91B22BF35C57007D4288 /* json_tool.h */,
				989A91B32BF35C57007D4288 /* json_value.cpp */,
				989A91B42BF35C57007D4288 /* json_valueiterator.inl */,
			);
			name = lib_json;
			path = ../../jsoncpp/src/lib_json;
			sourceTree = "<group>";
		};
/* End PBXGroup section */

/* Begin PBXNativeTarget section */
		989A91402BF32C0B007D4288 /* HttpClient */ = {
			isa = PBXNativeTarget;
			buildConfigurationList = 989A91482BF32C0B007D4288 /* Build configuration list for PBXNativeTarget "HttpClient" */;
			buildPhases = (
				989A913D2BF32C0B007D4288 /* Sources */,
				989A913E2BF32C0B007D4288 /* Frameworks */,
				989A913F2BF32C0B007D4288 /* CopyFiles */,
			);
			buildRules = (
			);
			dependencies = (
			);
			name = HttpClient;
			productName = HttpClient;
			productReference = 989A91412BF32C0B007D4288 /* HttpClient */;
			productType = "com.apple.product-type.tool";
		};
/* End PBXNativeTarget section */

/* Begin PBXProject section */
		989A91392BF32C0B007D4288 /* Project object */ = {
			isa = PBXProject;
			attributes = {
				BuildIndependentTargetsInParallel = 1;
				LastUpgradeCheck = 1500;
				TargetAttributes = {
					989A91402BF32C0B007D4288 = {
						CreatedOnToolsVersion = 15.0;
					};
				};
			};
			buildConfigurationList = 989A913C2BF32C0B007D4288 /* Build configuration list for PBXProject "HttpClient" */;
			compatibilityVersion = "Xcode 14.0";
			developmentRegion = en;
			hasScannedForEncodings = 0;
			knownRegions = (
				en,
				Base,
			);
			mainGroup = 989A91382BF32C0B007D4288;
			productRefGroup = 989A91422BF32C0B007D4288 /* Products */;
			projectDirPath = "";
			projectRoot = "";
			targets = (
				989A91402BF32C0B007D4288 /* HttpClient */,
			);
		};
/* End PBXProject section */

/* Begin PBXSourcesBuildPhase section */
		989A913D2BF32C0B007D4288 /* Sources */ = {
			isa = PBXSourcesBuildPhase;
			buildActionMask = 2147483647;
			files = (
				989A91542BF3320F007D4288 /* HttpClient.cpp in Sources */,
				989A91452BF32C0B007D4288 /* main.cpp in Sources */,
				989A91572BF332C7007D4288 /* Response.cpp in Sources */,
			);
			runOnlyForDeploymentPostprocessing = 0;
		};
/* End PBXSourcesBuildPhase section */

/* Begin XCBuildConfiguration section */
		989A91462BF32C0B007D4288 /* Debug */ = {
			isa = XCBuildConfiguration;
			buildSettings = {
				ALWAYS_SEARCH_USER_PATHS = NO;
				ASSETCATALOG_COMPILER_GENERATE_SWIFT_ASSET_SYMBOL_EXTENSIONS = YES;
				CLANG_ANALYZER_NONNULL = YES;
				CLANG_ANALYZER_NUMBER_OBJECT_CONVERSION = YES_AGGRESSIVE;
				CLANG_CXX_LANGUAGE_STANDARD = "gnu++20";
				CLANG_ENABLE_MODULES = YES;
				CLANG_ENABLE_OBJC_ARC = YES;
				CLANG_ENABLE_OBJC_WEAK = YES;
				CLANG_WARN_BLOCK_CAPTURE_AUTORELEASING = YES;
				CLANG_WARN_BOOL_CONVERSION = YES;
				CLANG_WARN_COMMA = YES;
				CLANG_WARN_CONSTANT_CONVERSION = YES;
				CLANG_WARN_DEPRECATED_OBJC_IMPLEMENTATIONS = YES;
				CLANG_WARN_DIRECT_OBJC_ISA_USAGE = YES_ERROR;
				CLANG_WARN_DOCUMENTATION_COMMENTS = YES;
				CLANG_WARN_EMPTY_BODY = YES;
				CLANG_WARN_ENUM_CONVERSION = YES;
				CLANG_WARN_INFINITE_RECURSION = YES;
				CLANG_WARN_INT_CONVERSION = YES;
				CLANG_WARN_NON_LITERAL_NULL_CONVERSION = YES;
				CLANG_WARN_OBJC_IMPLICIT_RETAIN_SELF = YES;
				CLANG_WARN_OBJC_LITERAL_CONVERSION = YES;
				CLANG_WARN_OBJC_ROOT_CLASS = YES_ERROR;
				CLANG_WARN_QUOTED_INCLUDE_IN_FRAMEWORK_HEADER = YES;
				CLANG_WARN_RANGE_LOOP_ANALYSIS = YES;
				CLANG_WARN_STRICT_PROTOTYPES = YES;
				CLANG_WARN_SUSPICIOUS_MOVE = YES;
				CLANG_WARN_UNGUARDED_AVAILABILITY = YES_AGGRESSIVE;
				CLANG_WARN_UNREACHABLE_CODE = YES;
				CLANG_WARN__DUPLICATE_METHOD_MATCH = YES;
				COPY_PHASE_STRIP = NO;
				DEBUG_INFORMATION_FORMAT = dwarf;
				ENABLE_STRICT_OBJC_MSGSEND = YES;
				ENABLE_TESTABILITY = YES;
				ENABLE_USER_SCRIPT_SANDBOXING = YES;
				GCC_C_LANGUAGE_STANDARD = gnu17;
				GCC_DYNAMIC_NO_PIC = NO;
				GCC_NO_COMMON_BLOCKS = YES;
				GCC_OPTIMIZATION_LEVEL = 0;
				GCC_PREPROCESSOR_DEFINITIONS = (
					"DEBUG=1",
					"$(inherited)",
				);
				GCC_WARN_64_TO_32_BIT_CONVERSION = YES;
				GCC_WARN_ABOUT_RETURN_TYPE = YES_ERROR;
				GCC_WARN_UNDECLARED_SELECTOR = YES;
				GCC_WARN_UNINITIALIZED_AUTOS = YES_AGGRESSIVE;
				GCC_WARN_UNUSED_FUNCTION = YES;
				GCC_WARN_UNUSED_VARIABLE = YES;
				LOCALIZATION_PREFERS_STRING_CATALOGS = YES;
				MACOSX_DEPLOYMENT_TARGET = 14.0;
				MTL_ENABLE_DEBUG_INFO = INCLUDE_SOURCE;
				MTL_FAST_MATH = YES;
				ONLY_ACTIVE_ARCH = YES;
				SDKROOT = macosx;
			};
			name = Debug;
		};
		989A91472BF32C0B007D4288 /* Release */ = {
			isa = XCBuildConfiguration;
			buildSettings = {
				ALWAYS_SEARCH_USER_PATHS = NO;
				ASSETCATALOG_COMPILER_GENERATE_SWIFT_ASSET_SYMBOL_EXTENSIONS = YES;
				CLANG_ANALYZER_NONNULL = YES;
				CLANG_ANALYZER_NUMBER_OBJECT_CONVERSION = YES_AGGRESSIVE;
				CLANG_CXX_LANGUAGE_STANDARD = "gnu++20";
				CLANG_ENABLE_MODULES = YES;
				CLANG_ENABLE_OBJC_ARC = YES;
				CLANG_ENABLE_OBJC_WEAK = YES;
				CLANG_WARN_BLOCK_CAPTURE_AUTORELEASING = YES;
				CLANG_WARN_BOOL_CONVERSION = YES;
				CLANG_WARN_COMMA = YES;
				CLANG_WARN_CONSTANT_CONVERSION = YES;
				CLANG_WARN_DEPRECATED_OBJC_IMPLEMENTATIONS = YES;
				CLANG_WARN_DIRECT_OBJC_ISA_USAGE = YES_ERROR;
				CLANG_WARN_DOCUMENTATION_COMMENTS = YES;
				CLANG_WARN_EMPTY_BODY = YES;
				CLANG_WARN_ENUM_CONVERSION = YES;
				CLANG_WARN_INFINITE_RECURSION = YES;
				CLANG_WARN_INT_CONVERSION = YES;
				CLANG_WARN_NON_LITERAL_NULL_CONVERSION = YES;
				CLANG_WARN_OBJC_IMPLICIT_RETAIN_SELF = YES;
				CLANG_WARN_OBJC_LITERAL_CONVERSION = YES;
				CLANG_WARN_OBJC_ROOT_CLASS = YES_ERROR;
				CLANG_WARN_QUOTED_INCLUDE_IN_FRAMEWORK_HEADER = YES;
				CLANG_WARN_RANGE_LOOP_ANALYSIS = YES;
				CLANG_WARN_STRICT_PROTOTYPES = YES;
				CLANG_WARN_SUSPICIOUS_MOVE = YES;
				CLANG_WARN_UNGUARDED_AVAILABILITY = YES_AGGRESSIVE;
				CLANG_WARN_UNREACHABLE_CODE = YES;
				CLANG_WARN__DUPLICATE_METHOD_MATCH = YES;
				COPY_PHASE_STRIP = NO;
				DEBUG_INFORMATION_FORMAT = "dwarf-with-dsym";
				ENABLE_NS_ASSERTIONS = NO;
				ENABLE_STRICT_OBJC_MSGSEND = YES;
				ENABLE_USER_SCRIPT_SANDBOXING = YES;
				GCC_C_LANGUAGE_STANDARD = gnu17;
				GCC_NO_COMMON_BLOCKS = YES;
				GCC_WARN_64_TO_32_BIT_CONVERSION = YES;
				GCC_WARN_ABOUT_RETURN_TYPE = YES_ERROR;
				GCC_WARN_UNDECLARED_SELECTOR = YES;
				GCC_WARN_UNINITIALIZED_AUTOS = YES_AGGRESSIVE;
				GCC_WARN_UNUSED_FUNCTION = YES;
				GCC_WARN_UNUSED_VARIABLE = YES;
				LOCALIZATION_PREFERS_STRING_CATALOGS = YES;
				MACOSX_DEPLOYMENT_TARGET = 14.0;
				MTL_ENABLE_DEBUG_INFO = NO;
				MTL_FAST_MATH = YES;
				SDKROOT = macosx;
			};
			name = Release;
		};
		989A91492BF32C0B007D4288 /* Debug */ = {
			isa = XCBuildConfiguration;
			buildSettings = {
				CODE_SIGN_STYLE = Automatic;
				PRODUCT_NAME = "$(TARGET_NAME)";
			};
			name = Debug;
		};
		989A914A2BF32C0B007D4288 /* Release */ = {
			isa = XCBuildConfiguration;
			buildSettings = {
				CODE_SIGN_STYLE = Automatic;
				PRODUCT_NAME = "$(TARGET_NAME)";
			};
			name = Release;
		};
/* End XCBuildConfiguration section */

/* Begin XCConfigurationList section */
		989A913C2BF32C0B007D4288 /* Build configuration list for PBXProject "HttpClient" */ = {
			isa = XCConfigurationList;
			buildConfigurations = (
				989A91462BF32C0B007D4288 /* Debug */,
				989A91472BF32C0B007D4288 /* Release */,
			);
			defaultConfigurationIsVisible = 0;
			defaultConfigurationName = Release;
		};
		989A91482BF32C0B007D4288 /* Build configuration list for PBXNativeTarget "HttpClient" */ = {
			isa = XCConfigurationList;
			buildConfigurations = (
				989A91492BF32C0B007D4288 /* Debug */,
				989A914A2BF32C0B007D4288 /* Release */,
			);
			defaultConfigurationIsVisible = 0;
			defaultConfigurationName = Release;
		};
/* End XCConfigurationList section */
	};
	rootObject = 989A91392BF32C0B007D4288 /* Project object */;
}
